# This file was autogenerated by Stack.
# You should not edit this file by hand.
# For more information, please see the documentation at:
#   https://docs.haskellstack.org/en/stable/lock_files

packages:
- completed:
    name: hakyll-series
    version: 0.1.2.0
    git: https://github.com/oisdk/hakyll-series
    pantry-tree:
      size: 2287
      sha256: 3ab494bb5411f3c94d0bc29cc687135b7bfcb9960b4ff272aefaa67673fee11d
    commit: 64fce8092715609ee3129610906452002218fac1
  original:
    git: https://github.com/oisdk/hakyll-series
    commit: 64fce8092715609ee3129610906452002218fac1
snapshots:
- completed:
    size: 531237
    url: https://raw.githubusercontent.com/commercialhaskell/stackage-snapshots/master/lts/16/1.yaml
    sha256: 954b6b14b0c8130732cf4773f7ebb4efc9a44600d1a5265d142868bf93462bc6
  original: lts-16.1
