# This file was autogenerated by Stack.
# You should not edit this file by hand.
# For more information, please see the documentation at:
#   https://docs.haskellstack.org/en/stable/lock_files

packages:
- completed:
    hackage: pandoc-2.1.3@sha256:1be3cc2fe59fec4ffd2c76644aa9eee319ed6acbce0b982e5d6340cb1580d8a3,29702
    pantry-tree:
      size: 66232
      sha256: 0d2982e376b4d62dfa1c8e6f2d13a460e275d4aa9ead60f4fd54928f4d34226d
  original:
    hackage: pandoc-2.1.3
- completed:
    hackage: pandoc-types-1.17.4.2@sha256:cee2ac064675ee4238630ff792f7dfa112c57ef10cc7d2ba598ed0439dfcef47,3953
    pantry-tree:
      size: 711
      sha256: 9df2b93f7dd6112fe62dfbbdec1b63e965a8d5f579d2246763e737ee2e2a4d4d
  original:
    hackage: pandoc-types-1.17.4.2
- completed:
    cabal-file:
      size: 3041
      sha256: fc066257f17299e9b7e639de1e81cb5e347eddb8b5a2ed7746163c29420b2a02
    name: hakyll-series
    version: 0.1.2.0
    git: https://github.com/oisdk/hakyll-series
    pantry-tree:
      size: 2287
      sha256: 3ab494bb5411f3c94d0bc29cc687135b7bfcb9960b4ff272aefaa67673fee11d
    commit: 64fce8092715609ee3129610906452002218fac1
  original:
    git: https://github.com/oisdk/hakyll-series
    commit: 64fce8092715609ee3129610906452002218fac1
snapshots:
- completed:
    size: 507599
    url: https://raw.githubusercontent.com/commercialhaskell/stackage-snapshots/master/lts/11/11.yaml
    sha256: 5ec0a1ff4dadde524eb529784556bcc32014422fd1e1ed91231c59f001e92ca9
  original: lts-11.11
