# This file was autogenerated by Stack.
# You should not edit this file by hand.
# For more information, please see the documentation at:
#   https://docs.haskellstack.org/en/stable/lock_files

packages:
- completed:
    name: hakyll-series
    version: 0.1.2.0
    git: https://github.com/oisdk/hakyll-series
    pantry-tree:
      size: 2287
      sha256: a8d6776361a96fabcea5ba3a78ed54da4f8f09277b931f23566f2a7076baceec
    commit: abf54b49db5fbc06471af38e2aa7b30c392a52b3
  original:
    git: https://github.com/oisdk/hakyll-series
    commit: abf54b49db5fbc06471af38e2aa7b30c392a52b3
snapshots:
- completed:
    size: 640036
    url: https://raw.githubusercontent.com/commercialhaskell/stackage-snapshots/master/lts/21/12.yaml
    sha256: 9313df78f49519315342f4c51ffc5da12659d3735f8ac3c54a1fb98ff874474e
  original: lts-21.12
